// !$*UTF8*$!
{
	archiveVersion = 1;
	classes = {
	};
	objectVersion = 46;
	objects = {

/* Begin PBXBuildFile section */
		99E966D31BC70498003DBBCA /* AppDelegate.swift in Sources */ = {isa = PBXBuildFile; fileRef = 99E966D21BC70498003DBBCA /* AppDelegate.swift */; };
		99E966D51BC70498003DBBCA /* MasterViewController.swift in Sources */ = {isa = PBXBuildFile; fileRef = 99E966D41BC70498003DBBCA /* MasterViewController.swift */; };
		99E966D71BC70498003DBBCA /* DetailViewController.swift in Sources */ = {isa = PBXBuildFile; fileRef = 99E966D61BC70498003DBBCA /* DetailViewController.swift */; };
		99E966DA1BC70498003DBBCA /* Main.storyboard in Resources */ = {isa = PBXBuildFile; fileRef = 99E966D81BC70498003DBBCA /* Main.storyboard */; };
		99E966DC1BC70498003DBBCA /* Assets.xcassets in Resources */ = {isa = PBXBuildFile; fileRef = 99E966DB1BC70498003DBBCA /* Assets.xcassets */; };
		99E966DF1BC70498003DBBCA /* LaunchScreen.storyboard in Resources */ = {isa = PBXBuildFile; fileRef = 99E966DD1BC70498003DBBCA /* LaunchScreen.storyboard */; };
		99E966F91BC713ED003DBBCA /* IMG_0430.jpeg in Resources */ = {isa = PBXBuildFile; fileRef = 99E966E71BC713ED003DBBCA /* IMG_0430.jpeg */; settings = {ASSET_TAGS = (); }; };
		99E966FA1BC713ED003DBBCA /* IMG_0436.jpeg in Resources */ = {isa = PBXBuildFile; fileRef = 99E966E81BC713ED003DBBCA /* IMG_0436.jpeg */; settings = {ASSET_TAGS = (); }; };
		99E966FB1BC713ED003DBBCA /* IMG_0439.jpeg in Resources */ = {isa = PBXBuildFile; fileRef = 99E966E91BC713ED003DBBCA /* IMG_0439.jpeg */; settings = {ASSET_TAGS = (); }; };
		99E966FC1BC713ED003DBBCA /* IMG_0442.jpeg in Resources */ = {isa = PBXBuildFile; fileRef = 99E966EA1BC713ED003DBBCA /* IMG_0442.jpeg */; settings = {ASSET_TAGS = (); }; };
		99E966FD1BC713ED003DBBCA /* IMG_0444.PNG in Resources */ = {isa = PBXBuildFile; fileRef = 99E966EB1BC713ED003DBBCA /* IMG_0444.PNG */; settings = {ASSET_TAGS = (); }; };
		99E966FE1BC713ED003DBBCA /* IMG_0445.jpeg in Resources */ = {isa = PBXBuildFile; fileRef = 99E966EC1BC713ED003DBBCA /* IMG_0445.jpeg */; settings = {ASSET_TAGS = (); }; };
		99E966FF1BC713ED003DBBCA /* IMG_0455.jpeg in Resources */ = {isa = PBXBuildFile; fileRef = 99E966ED1BC713ED003DBBCA /* IMG_0455.jpeg */; settings = {ASSET_TAGS = (); }; };
		99E967001BC713ED003DBBCA /* IMG_0456.jpeg in Resources */ = {isa = PBXBuildFile; fileRef = 99E966EE1BC713ED003DBBCA /* IMG_0456.jpeg */; settings = {ASSET_TAGS = (); }; };
		99E967011BC713ED003DBBCA /* IMG_0464.jpeg in Resources */ = {isa = PBXBuildFile; fileRef = 99E966EF1BC713ED003DBBCA /* IMG_0464.jpeg */; settings = {ASSET_TAGS = (); }; };
		99E967021BC713ED003DBBCA /* IMG_0467.jpeg in Resources */ = {isa = PBXBuildFile; fileRef = 99E966F01BC713ED003DBBCA /* IMG_0467.jpeg */; settings = {ASSET_TAGS = (); }; };
		99E967031BC713ED003DBBCA /* IMG_0613.jpeg in Resources */ = {isa = PBXBuildFile; fileRef = 99E966F11BC713ED003DBBCA /* IMG_0613.jpeg */; settings = {ASSET_TAGS = (); }; };
		99E967041BC713ED003DBBCA /* IMG_0618.jpeg in Resources */ = {isa = PBXBuildFile; fileRef = 99E966F21BC713ED003DBBCA /* IMG_0618.jpeg */; settings = {ASSET_TAGS = (); }; };
		99E967051BC713ED003DBBCA /* IMG_0624.JPG in Resources */ = {isa = PBXBuildFile; fileRef = 99E966F31BC713ED003DBBCA /* IMG_0624.JPG */; settings = {ASSET_TAGS = (); }; };
		99E967061BC713ED003DBBCA /* IMG_0650.jpeg in Resources */ = {isa = PBXBuildFile; fileRef = 99E966F41BC713ED003DBBCA /* IMG_0650.jpeg */; settings = {ASSET_TAGS = (); }; };
		99E967071BC713ED003DBBCA /* IMG_0656.jpeg in Resources */ = {isa = PBXBuildFile; fileRef = 99E966F51BC713ED003DBBCA /* IMG_0656.jpeg */; settings = {ASSET_TAGS = (); }; };
		99E967081BC713ED003DBBCA /* IMG_0658.jpeg in Resources */ = {isa = PBXBuildFile; fileRef = 99E966F61BC713ED003DBBCA /* IMG_0658.jpeg */; settings = {ASSET_TAGS = (); }; };
		99E967091BC713ED003DBBCA /* IMG_0665.jpeg in Resources */ = {isa = PBXBuildFile; fileRef = 99E966F71BC713ED003DBBCA /* IMG_0665.jpeg */; settings = {ASSET_TAGS = (); }; };
		99E9670A1BC713ED003DBBCA /* IMG_0750.jpeg in Resources */ = {isa = PBXBuildFile; fileRef = 99E966F81BC713ED003DBBCA /* IMG_0750.jpeg */; settings = {ASSET_TAGS = (); }; };
/* End PBXBuildFile section */

/* Begin PBXFileReference section */
		99E966CF1BC70498003DBBCA /* BerraStormViewer.app */ = {isa = PBXFileReference; explicitFileType = wrapper.application; includeInIndex = 0; path = BerraStormViewer.app; sourceTree = BUILT_PRODUCTS_DIR; };
		99E966D21BC70498003DBBCA /* AppDelegate.swift */ = {isa = PBXFileReference; lastKnownFileType = sourcecode.swift; path = AppDelegate.swift; sourceTree = "<group>"; };
		99E966D41BC70498003DBBCA /* MasterViewController.swift */ = {isa = PBXFileReference; lastKnownFileType = sourcecode.swift; path = MasterViewController.swift; sourceTree = "<group>"; };
		99E966D61BC70498003DBBCA /* DetailViewController.swift */ = {isa = PBXFileReference; lastKnownFileType = sourcecode.swift; path = DetailViewController.swift; sourceTree = "<group>"; };
		99E966D91BC70498003DBBCA /* Base */ = {isa = PBXFileReference; lastKnownFileType = file.storyboard; name = Base; path = Base.lproj/Main.storyboard; sourceTree = "<group>"; };
		99E966DB1BC70498003DBBCA /* Assets.xcassets */ = {isa = PBXFileReference; lastKnownFileType = folder.assetcatalog; path = Assets.xcassets; sourceTree = "<group>"; };
		99E966DE1BC70498003DBBCA /* Base */ = {isa = PBXFileReference; lastKnownFileType = file.storyboard; name = Base; path = Base.lproj/LaunchScreen.storyboard; sourceTree = "<group>"; };
		99E966E01BC70498003DBBCA /* Info.plist */ = {isa = PBXFileReference; lastKnownFileType = text.plist.xml; path = Info.plist; sourceTree = "<group>"; };
		99E966E71BC713ED003DBBCA /* IMG_0430.jpeg */ = {isa = PBXFileReference; lastKnownFileType = image.jpeg; path = IMG_0430.jpeg; sourceTree = "<group>"; };
		99E966E81BC713ED003DBBCA /* IMG_0436.jpeg */ = {isa = PBXFileReference; lastKnownFileType = image.jpeg; path = IMG_0436.jpeg; sourceTree = "<group>"; };
		99E966E91BC713ED003DBBCA /* IMG_0439.jpeg */ = {isa = PBXFileReference; lastKnownFileType = image.jpeg; path = IMG_0439.jpeg; sourceTree = "<group>"; };
		99E966EA1BC713ED003DBBCA /* IMG_0442.jpeg */ = {isa = PBXFileReference; lastKnownFileType = image.jpeg; path = IMG_0442.jpeg; sourceTree = "<group>"; };
		99E966EB1BC713ED003DBBCA /* IMG_0444.PNG */ = {isa = PBXFileReference; lastKnownFileType = image.png; path = IMG_0444.PNG; sourceTree = "<group>"; };
		99E966EC1BC713ED003DBBCA /* IMG_0445.jpeg */ = {isa = PBXFileReference; lastKnownFileType = image.jpeg; path = IMG_0445.jpeg; sourceTree = "<group>"; };
		99E966ED1BC713ED003DBBCA /* IMG_0455.jpeg */ = {isa = PBXFileReference; lastKnownFileType = image.jpeg; path = IMG_0455.jpeg; sourceTree = "<group>"; };
		99E966EE1BC713ED003DBBCA /* IMG_0456.jpeg */ = {isa = PBXFileReference; lastKnownFileType = image.jpeg; path = IMG_0456.jpeg; sourceTree = "<group>"; };
		99E966EF1BC713ED003DBBCA /* IMG_0464.jpeg */ = {isa = PBXFileReference; lastKnownFileType = image.jpeg; path = IMG_0464.jpeg; sourceTree = "<group>"; };
		99E966F01BC713ED003DBBCA /* IMG_0467.jpeg */ = {isa = PBXFileReference; lastKnownFileType = image.jpeg; path = IMG_0467.jpeg; sourceTree = "<group>"; };
		99E966F11BC713ED003DBBCA /* IMG_0613.jpeg */ = {isa = PBXFileReference; lastKnownFileType = image.jpeg; path = IMG_0613.jpeg; sourceTree = "<group>"; };
		99E966F21BC713ED003DBBCA /* IMG_0618.jpeg */ = {isa = PBXFileReference; lastKnownFileType = image.jpeg; path = IMG_0618.jpeg; sourceTree = "<group>"; };
		99E966F31BC713ED003DBBCA /* IMG_0624.JPG */ = {isa = PBXFileReference; lastKnownFileType = image.jpeg; path = IMG_0624.JPG; sourceTree = "<group>"; };
		99E966F41BC713ED003DBBCA /* IMG_0650.jpeg */ = {isa = PBXFileReference; lastKnownFileType = image.jpeg; path = IMG_0650.jpeg; sourceTree = "<group>"; };
		99E966F51BC713ED003DBBCA /* IMG_0656.jpeg */ = {isa = PBXFileReference; lastKnownFileType = image.jpeg; path = IMG_0656.jpeg; sourceTree = "<group>"; };
		99E966F61BC713ED003DBBCA /* IMG_0658.jpeg */ = {isa = PBXFileReference; lastKnownFileType = image.jpeg; path = IMG_0658.jpeg; sourceTree = "<group>"; };
		99E966F71BC713ED003DBBCA /* IMG_0665.jpeg */ = {isa = PBXFileReference; lastKnownFileType = image.jpeg; path = IMG_0665.jpeg; sourceTree = "<group>"; };
		99E966F81BC713ED003DBBCA /* IMG_0750.jpeg */ = {isa = PBXFileReference; lastKnownFileType = image.jpeg; path = IMG_0750.jpeg; sourceTree = "<group>"; };
/* End PBXFileReference section */

/* Begin PBXFrameworksBuildPhase section */
		99E966CC1BC70498003DBBCA /* Frameworks */ = {
			isa = PBXFrameworksBuildPhase;
			buildActionMask = 2147483647;
			files = (
			);
			runOnlyForDeploymentPostprocessing = 0;
		};
/* End PBXFrameworksBuildPhase section */

/* Begin PBXGroup section */
		99E966C61BC70498003DBBCA = {
			isa = PBXGroup;
			children = (
				99E966D11BC70498003DBBCA /* BerraStormViewer */,
				99E966D01BC70498003DBBCA /* Products */,
			);
			sourceTree = "<group>";
		};
		99E966D01BC70498003DBBCA /* Products */ = {
			isa = PBXGroup;
			children = (
				99E966CF1BC70498003DBBCA /* BerraStormViewer.app */,
			);
			name = Products;
			sourceTree = "<group>";
		};
		99E966D11BC70498003DBBCA /* BerraStormViewer */ = {
			isa = PBXGroup;
			children = (
				99E966D21BC70498003DBBCA /* AppDelegate.swift */,
				99E966D41BC70498003DBBCA /* MasterViewController.swift */,
				99E966D61BC70498003DBBCA /* DetailViewController.swift */,
				99E966D81BC70498003DBBCA /* Main.storyboard */,
				99E966DB1BC70498003DBBCA /* Assets.xcassets */,
				99E966DD1BC70498003DBBCA /* LaunchScreen.storyboard */,
				99E966E01BC70498003DBBCA /* Info.plist */,
				99E966E61BC713ED003DBBCA /* JodelBilder */,
			);
			path = BerraStormViewer;
			sourceTree = "<group>";
		};
		99E966E61BC713ED003DBBCA /* JodelBilder */ = {
			isa = PBXGroup;
			children = (
				99E966E71BC713ED003DBBCA /* IMG_0430.jpeg */,
				99E966E81BC713ED003DBBCA /* IMG_0436.jpeg */,
				99E966E91BC713ED003DBBCA /* IMG_0439.jpeg */,
				99E966EA1BC713ED003DBBCA /* IMG_0442.jpeg */,
				99E966EB1BC713ED003DBBCA /* IMG_0444.PNG */,
				99E966EC1BC713ED003DBBCA /* IMG_0445.jpeg */,
				99E966ED1BC713ED003DBBCA /* IMG_0455.jpeg */,
				99E966EE1BC713ED003DBBCA /* IMG_0456.jpeg */,
				99E966EF1BC713ED003DBBCA /* IMG_0464.jpeg */,
				99E966F01BC713ED003DBBCA /* IMG_0467.jpeg */,
				99E966F11BC713ED003DBBCA /* IMG_0613.jpeg */,
				99E966F21BC713ED003DBBCA /* IMG_0618.jpeg */,
				99E966F31BC713ED003DBBCA /* IMG_0624.JPG */,
				99E966F41BC713ED003DBBCA /* IMG_0650.jpeg */,
				99E966F51BC713ED003DBBCA /* IMG_0656.jpeg */,
				99E966F61BC713ED003DBBCA /* IMG_0658.jpeg */,
				99E966F71BC713ED003DBBCA /* IMG_0665.jpeg */,
				99E966F81BC713ED003DBBCA /* IMG_0750.jpeg */,
			);
			path = JodelBilder;
			sourceTree = "<group>";
		};
/* End PBXGroup section */

/* Begin PBXNativeTarget section */
		99E966CE1BC70498003DBBCA /* BerraStormViewer */ = {
			isa = PBXNativeTarget;
			buildConfigurationList = 99E966E31BC70498003DBBCA /* Build configuration list for PBXNativeTarget "BerraStormViewer" */;
			buildPhases = (
				99E966CB1BC70498003DBBCA /* Sources */,
				99E966CC1BC70498003DBBCA /* Frameworks */,
				99E966CD1BC70498003DBBCA /* Resources */,
			);
			buildRules = (
			);
			dependencies = (
			);
			name = BerraStormViewer;
			productName = BerraStormViewer;
			productReference = 99E966CF1BC70498003DBBCA /* BerraStormViewer.app */;
			productType = "com.apple.product-type.application";
		};
/* End PBXNativeTarget section */

/* Begin PBXProject section */
		99E966C71BC70498003DBBCA /* Project object */ = {
			isa = PBXProject;
			attributes = {
				LastUpgradeCheck = 0700;
				ORGANIZATIONNAME = "Behroz Keyvannia";
				TargetAttributes = {
					99E966CE1BC70498003DBBCA = {
						CreatedOnToolsVersion = 7.0.1;
					};
				};
			};
			buildConfigurationList = 99E966CA1BC70498003DBBCA /* Build configuration list for PBXProject "BerraStormViewer" */;
			compatibilityVersion = "Xcode 3.2";
			developmentRegion = English;
			hasScannedForEncodings = 0;
			knownRegions = (
				en,
				Base,
			);
			mainGroup = 99E966C61BC70498003DBBCA;
			productRefGroup = 99E966D01BC70498003DBBCA /* Products */;
			projectDirPath = "";
			projectRoot = "";
			targets = (
				99E966CE1BC70498003DBBCA /* BerraStormViewer */,
			);
		};
/* End PBXProject section */

/* Begin PBXResourcesBuildPhase section */
		99E966CD1BC70498003DBBCA /* Resources */ = {
			isa = PBXResourcesBuildPhase;
			buildActionMask = 2147483647;
			files = (
				99E967071BC713ED003DBBCA /* IMG_0656.jpeg in Resources */,
				99E966F91BC713ED003DBBCA /* IMG_0430.jpeg in Resources */,
				99E967091BC713ED003DBBCA /* IMG_0665.jpeg in Resources */,
				99E966FB1BC713ED003DBBCA /* IMG_0439.jpeg in Resources */,
				99E967081BC713ED003DBBCA /* IMG_0658.jpeg in Resources */,
				99E966DF1BC70498003DBBCA /* LaunchScreen.storyboard in Resources */,
				99E967051BC713ED003DBBCA /* IMG_0624.JPG in Resources */,
				99E967061BC713ED003DBBCA /* IMG_0650.jpeg in Resources */,
				99E966FF1BC713ED003DBBCA /* IMG_0455.jpeg in Resources */,
				99E9670A1BC713ED003DBBCA /* IMG_0750.jpeg in Resources */,
				99E966DC1BC70498003DBBCA /* Assets.xcassets in Resources */,
				99E966FA1BC713ED003DBBCA /* IMG_0436.jpeg in Resources */,
				99E967001BC713ED003DBBCA /* IMG_0456.jpeg in Resources */,
				99E967011BC713ED003DBBCA /* IMG_0464.jpeg in Resources */,
				99E967021BC713ED003DBBCA /* IMG_0467.jpeg in Resources */,
				99E967031BC713ED003DBBCA /* IMG_0613.jpeg in Resources */,
				99E966DA1BC70498003DBBCA /* Main.storyboard in Resources */,
				99E966FC1BC713ED003DBBCA /* IMG_0442.jpeg in Resources */,
				99E967041BC713ED003DBBCA /* IMG_0618.jpeg in Resources */,
				99E966FE1BC713ED003DBBCA /* IMG_0445.jpeg in Resources */,
				99E966FD1BC713ED003DBBCA /* IMG_0444.PNG in Resources */,
			);
			runOnlyForDeploymentPostprocessing = 0;
		};
/* End PBXResourcesBuildPhase section */

/* Begin PBXSourcesBuildPhase section */
		99E966CB1BC70498003DBBCA /* Sources */ = {
			isa = PBXSourcesBuildPhase;
			buildActionMask = 2147483647;
			files = (
				99E966D71BC70498003DBBCA /* DetailViewController.swift in Sources */,
				99E966D51BC70498003DBBCA /* MasterViewController.swift in Sources */,
				99E966D31BC70498003DBBCA /* AppDelegate.swift in Sources */,
			);
			runOnlyForDeploymentPostprocessing = 0;
		};
/* End PBXSourcesBuildPhase section */

/* Begin PBXVariantGroup section */
		99E966D81BC70498003DBBCA /* Main.storyboard */ = {
			isa = PBXVariantGroup;
			children = (
				99E966D91BC70498003DBBCA /* Base */,
			);
			name = Main.storyboard;
			sourceTree = "<group>";
		};
		99E966DD1BC70498003DBBCA /* LaunchScreen.storyboard */ = {
			isa = PBXVariantGroup;
			children = (
				99E966DE1BC70498003DBBCA /* Base */,
			);
			name = LaunchScreen.storyboard;
			sourceTree = "<group>";
		};
/* End PBXVariantGroup section */

/* Begin XCBuildConfiguration section */
		99E966E11BC70498003DBBCA /* Debug */ = {
			isa = XCBuildConfiguration;
			buildSettings = {
				ALWAYS_SEARCH_USER_PATHS = NO;
				CLANG_CXX_LANGUAGE_STANDARD = "gnu++0x";
				CLANG_CXX_LIBRARY = "libc++";
				CLANG_ENABLE_MODULES = YES;
				CLANG_ENABLE_OBJC_ARC = YES;
				CLANG_WARN_BOOL_CONVERSION = YES;
				CLANG_WARN_CONSTANT_CONVERSION = YES;
				CLANG_WARN_DIRECT_OBJC_ISA_USAGE = YES_ERROR;
				CLANG_WARN_EMPTY_BODY = YES;
				CLANG_WARN_ENUM_CONVERSION = YES;
				CLANG_WARN_INT_CONVERSION = YES;
				CLANG_WARN_OBJC_ROOT_CLASS = YES_ERROR;
				CLANG_WARN_UNREACHABLE_CODE = YES;
				CLANG_WARN__DUPLICATE_METHOD_MATCH = YES;
				"CODE_SIGN_IDENTITY[sdk=iphoneos*]" = "iPhone Developer";
				COPY_PHASE_STRIP = NO;
				DEBUG_INFORMATION_FORMAT = dwarf;
				ENABLE_STRICT_OBJC_MSGSEND = YES;
				ENABLE_TESTABILITY = YES;
				GCC_C_LANGUAGE_STANDARD = gnu99;
				GCC_DYNAMIC_NO_PIC = NO;
				GCC_NO_COMMON_BLOCKS = YES;
				GCC_OPTIMIZATION_LEVEL = 0;
				GCC_PREPROCESSOR_DEFINITIONS = (
					"DEBUG=1",
					"$(inherited)",
				);
				GCC_WARN_64_TO_32_BIT_CONVERSION = YES;
				GCC_WARN_ABOUT_RETURN_TYPE = YES_ERROR;
				GCC_WARN_UNDECLARED_SELECTOR = YES;
				GCC_WARN_UNINITIALIZED_AUTOS = YES_AGGRESSIVE;
				GCC_WARN_UNUSED_FUNCTION = YES;
				GCC_WARN_UNUSED_VARIABLE = YES;
				IPHONEOS_DEPLOYMENT_TARGET = 9.0;
				MTL_ENABLE_DEBUG_INFO = YES;
				ONLY_ACTIVE_ARCH = YES;
				SDKROOT = iphoneos;
				SWIFT_OPTIMIZATION_LEVEL = "-Onone";
				TARGETED_DEVICE_FAMILY = "1,2";
			};
			name = Debug;
		};
		99E966E21BC70498003DBBCA /* Release */ = {
			isa = XCBuildConfiguration;
			buildSettings = {
				ALWAYS_SEARCH_USER_PATHS = NO;
				CLANG_CXX_LANGUAGE_STANDARD = "gnu++0x";
				CLANG_CXX_LIBRARY = "libc++";
				CLANG_ENABLE_MODULES = YES;
				CLANG_ENABLE_OBJC_ARC = YES;
				CLANG_WARN_BOOL_CONVERSION = YES;
				CLANG_WARN_CONSTANT_CONVERSION = YES;
				CLANG_WARN_DIRECT_OBJC_ISA_USAGE = YES_ERROR;
				CLANG_WARN_EMPTY_BODY = YES;
				CLANG_WARN_ENUM_CONVERSION = YES;
				CLANG_WARN_INT_CONVERSION = YES;
				CLANG_WARN_OBJC_ROOT_CLASS = YES_ERROR;
				CLANG_WARN_UNREACHABLE_CODE = YES;
				CLANG_WARN__DUPLICATE_METHOD_MATCH = YES;
				"CODE_SIGN_IDENTITY[sdk=iphoneos*]" = "iPhone Developer";
				COPY_PHASE_STRIP = NO;
				DEBUG_INFORMATION_FORMAT = "dwarf-with-dsym";
				ENABLE_NS_ASSERTIONS = NO;
				ENABLE_STRICT_OBJC_MSGSEND = YES;
				GCC_C_LANGUAGE_STANDARD = gnu99;
				GCC_NO_COMMON_BLOCKS = YES;
				GCC_WARN_64_TO_32_BIT_CONVERSION = YES;
				GCC_WARN_ABOUT_RETURN_TYPE = YES_ERROR;
				GCC_WARN_UNDECLARED_SELECTOR = YES;
				GCC_WARN_UNINITIALIZED_AUTOS = YES_AGGRESSIVE;
				GCC_WARN_UNUSED_FUNCTION = YES;
				GCC_WARN_UNUSED_VARIABLE = YES;
				IPHONEOS_DEPLOYMENT_TARGET = 9.0;
				MTL_ENABLE_DEBUG_INFO = NO;
				SDKROOT = iphoneos;
				TARGETED_DEVICE_FAMILY = "1,2";
				VALIDATE_PRODUCT = YES;
			};
			name = Release;
		};
		99E966E41BC70498003DBBCA /* Debug */ = {
			isa = XCBuildConfiguration;
			buildSettings = {
				ASSETCATALOG_COMPILER_APPICON_NAME = AppIcon;
				INFOPLIST_FILE = BerraStormViewer/Info.plist;
				LD_RUNPATH_SEARCH_PATHS = "$(inherited) @executable_path/Frameworks";
				PRODUCT_BUNDLE_IDENTIFIER = berradeveloper.BerraStormViewer;
				PRODUCT_NAME = "$(TARGET_NAME)";
			};
			name = Debug;
		};
		99E966E51BC70498003DBBCA /* Release */ = {
			isa = XCBuildConfiguration;
			buildSettings = {
				ASSETCATALOG_COMPILER_APPICON_NAME = AppIcon;
				INFOPLIST_FILE = BerraStormViewer/Info.plist;
				LD_RUNPATH_SEARCH_PATHS = "$(inherited) @executable_path/Frameworks";
				PRODUCT_BUNDLE_IDENTIFIER = berradeveloper.BerraStormViewer;
				PRODUCT_NAME = "$(TARGET_NAME)";
			};
			name = Release;
		};
/* End XCBuildConfiguration section */

/* Begin XCConfigurationList section */
		99E966CA1BC70498003DBBCA /* Build configuration list for PBXProject "BerraStormViewer" */ = {
			isa = XCConfigurationList;
			buildConfigurations = (
				99E966E11BC70498003DBBCA /* Debug */,
				99E966E21BC70498003DBBCA /* Release */,
			);
			defaultConfigurationIsVisible = 0;
			defaultConfigurationName = Release;
		};
		99E966E31BC70498003DBBCA /* Build configuration list for PBXNativeTarget "BerraStormViewer" */ = {
			isa = XCConfigurationList;
			buildConfigurations = (
				99E966E41BC70498003DBBCA /* Debug */,
				99E966E51BC70498003DBBCA /* Release */,
			);
			defaultConfigurationIsVisible = 0;
		};
/* End XCConfigurationList section */
	};
	rootObject = 99E966C71BC70498003DBBCA /* Project object */;
}
